
Microsoft Visual Studio Solution File, Format Version 12.00
# Visual Studio Version 17
VisualStudioVersion = 17.3.32901.215
MinimumVisualStudioVersion = 10.0.40219.1
Project("{FAE04EC0-301F-11D3-BF4B-00C04F79EFBC}") = "BulkyBookWeb", "BulkyBookWeb\BulkyBookWeb.csproj", "{5BB68D3D-D610-487F-8D08-87EBF54D30D8}"
EndProject
Global
	GlobalSection(SolutionConfigurationPlatforms) = preSolution
		Debug|Any CPU = Debug|Any CPU
		Release|Any CPU = Release|Any CPU
	EndGlobalSection
	GlobalSection(ProjectConfigurationPlatforms) = postSolution
		{5BB68D3D-D610-487F-8D08-87EBF54D30D8}.Debug|Any CPU.ActiveCfg = Debug|Any CPU
		{5BB68D3D-D610-487F-8D08-87EBF54D30D8}.Debug|Any CPU.Build.0 = Debug|Any CPU
		{5BB68D3D-D610-487F-8D08-87EBF54D30D8}.Release|Any CPU.ActiveCfg = Release|Any CPU
		{5BB68D3D-D610-487F-8D08-87EBF54D30D8}.Release|Any CPU.Build.0 = Release|Any CPU
	EndGlobalSection
	GlobalSection(SolutionProperties) = preSolution
		HideSolutionNode = FALSE
	EndGlobalSection
	GlobalSection(ExtensibilityGlobals) = postSolution
		SolutionGuid = {19B4826C-5AA8-4CB1-B897-675CB34B0285}
	EndGlobalSection
EndGlobal
